NeoBundleLock emmet-vim af10f14ae5bf31e3cd3b4444e9c336b71821777b
NeoBundleLock jellybeans.vim f931895c20681684278aef2ffd810730b9c36ec3
NeoBundleLock neobundle.vim d3d9ddc70664c2e118e3b75bff30d5f92269cc95
NeoBundleLock neocomplcache d83bcbd0b142eb8de9d669ead26914cd7322a51c
NeoBundleLock neosnippet 044c9cb8ca46a5e27eec37198990c26fe707b02a
NeoBundleLock neosnippet-snippets 753906042c079d64d038565e6e518e1318ea6ec6
NeoBundleLock nerdtree 3b98a7fcae8f9fff356907171f0406ff8cd28921
NeoBundleLock syntastic fe3a48f33e9fc2b4939c7a7833628247c9bf900c
NeoBundleLock unite-outline 9ce9089cc0f5f0420588867e28f59ea63f879e68
NeoBundleLock unite.vim 66b1b0b25006279fb18af409d08913445bbd2abc
NeoBundleLock vim-hybrid 471b235306b94850a3c6b1d2d9e5203e9919c15e
NeoBundleLock vim-surround ec579a50478758ee6cebe265cf536f9a2f6c4e34
NeoBundleLock vimproc 0f68bcd93399ecbcde3eaa4efd09107314c9bdee
